{
  "name": "azure-search-openai-demo",
  "lockfileVersion": 2,
  "requires": true,
  "packages": {
    "": {
      "dependencies": {
        "kifu-for-js": "^5.4.1"
      }
    },
    "node_modules/@babel/runtime": {
      "version": "7.25.6",
      "resolved": "https://registry.npmjs.org/@babel/runtime/-/runtime-7.25.6.tgz",
      "integrity": "sha512-VBj9MYyDb9tuLq7yzqjgzt6Q+IBQLrGZfdjOekyEirZPHxXWoTSGUTMrpsfi58Up73d13NfYLv8HT9vmznjzhQ==",
      "dependencies": {
        "regenerator-runtime": "^0.14.0"
      },
      "engines": {
        "node": ">=6.9.0"
      }
    },
    "node_modules/@types/hoist-non-react-statics": {
      "version": "3.3.5",
      "resolved": "https://registry.npmjs.org/@types/hoist-non-react-statics/-/hoist-non-react-statics-3.3.5.tgz",
      "integrity": "sha512-SbcrWzkKBw2cdwRTwQAswfpB9g9LJWfjtUeW/jvNwbhC8cpmmNYVePa+ncbUe0rGTQ7G3Ff6mYUN2VMfLVr+Sg==",
      "dependencies": {
        "@types/react": "*",
        "hoist-non-react-statics": "^3.3.0"
      }
    },
    "node_modules/@types/prop-types": {
      "version": "15.7.12",
      "resolved": "https://registry.npmjs.org/@types/prop-types/-/prop-types-15.7.12.tgz",
      "integrity": "sha512-5zvhXYtRNRluoE/jAp4GVsSduVUzNWKkOZrCDBWYtE7biZywwdC2AcEzg+cSMLFRfVgeAFqpfNabiPjxFddV1Q=="
    },
    "node_modules/@types/react": {
      "version": "18.3.5",
      "resolved": "https://registry.npmjs.org/@types/react/-/react-18.3.5.tgz",
      "integrity": "sha512-WeqMfGJLGuLCqHGYRGHxnKrXcTitc6L/nBUWfWPcTarG3t9PsquqUMuVeXZeca+mglY4Vo5GZjCi0A3Or2lnxA==",
      "dependencies": {
        "@types/prop-types": "*",
        "csstype": "^3.0.2"
      }
    },
    "node_modules/asap": {
      "version": "2.0.6",
      "resolved": "https://registry.npmjs.org/asap/-/asap-2.0.6.tgz",
      "integrity": "sha512-BSHWgDSAiKs50o2Re8ppvp3seVHXSRM44cdSsT9FfNEUUZLOGWVCsiWaRPWM1Znn+mqZ1OfVZ3z3DWEzSp7hRA=="
    },
    "node_modules/csstype": {
      "version": "3.1.3",
      "resolved": "https://registry.npmjs.org/csstype/-/csstype-3.1.3.tgz",
      "integrity": "sha512-M1uQkMl8rQK/szD0LNhtqxIPLpimGm8sOBwU7lLnCpSbTyY3yeU1Vc7l4KT5zT4s/yOxHH5O7tIuuLOCnLADRw=="
    },
    "node_modules/dnd-core": {
      "version": "7.7.0",
      "resolved": "https://registry.npmjs.org/dnd-core/-/dnd-core-7.7.0.tgz",
      "integrity": "sha512-+YqwflWEY1MEAEl2QiEiRaglYkCwIZryyQwximQGuTOm/ns7fS6Lg/i7OCkrtjM10D5FhArf/VUHIL4ZaRBK0g==",
      "dependencies": {
        "asap": "^2.0.6",
        "invariant": "^2.2.4",
        "redux": "^4.0.1"
      }
    },
    "node_modules/dnd-multi-backend": {
      "version": "3.2.1",
      "resolved": "https://registry.npmjs.org/dnd-multi-backend/-/dnd-multi-backend-3.2.1.tgz",
      "integrity": "sha512-A783JbrONpeufxX+jDMHOxR2AWh+gFv5Z/lLpDB3vdON6t0bb2fHSh8fKH2h8gOLRAJGD08m9xYXAJIWreTI5A=="
    },
    "node_modules/focus-trap": {
      "version": "7.5.4",
      "resolved": "https://registry.npmjs.org/focus-trap/-/focus-trap-7.5.4.tgz",
      "integrity": "sha512-N7kHdlgsO/v+iD/dMoJKtsSqs5Dz/dXZVebRgJw23LDk+jMi/974zyiOYDziY2JPp8xivq9BmUGwIJMiuSBi7w==",
      "dependencies": {
        "tabbable": "^6.2.0"
      }
    },
    "node_modules/focus-trap-react": {
      "version": "10.2.3",
      "resolved": "https://registry.npmjs.org/focus-trap-react/-/focus-trap-react-10.2.3.tgz",
      "integrity": "sha512-YXBpFu/hIeSu6NnmV2xlXzOYxuWkoOtar9jzgp3lOmjWLWY59C/b8DtDHEAV4SPU07Nd/t+nS/SBNGkhUBFmEw==",
      "dependencies": {
        "focus-trap": "^7.5.4",
        "tabbable": "^6.2.0"
      },
      "peerDependencies": {
        "prop-types": "^15.8.1",
        "react": ">=16.3.0",
        "react-dom": ">=16.3.0"
      }
    },
    "node_modules/hoist-non-react-statics": {
      "version": "3.3.2",
      "resolved": "https://registry.npmjs.org/hoist-non-react-statics/-/hoist-non-react-statics-3.3.2.tgz",
      "integrity": "sha512-/gGivxi8JPKWNm/W0jSmzcMPpfpPLc3dY/6GxhX2hQ9iGj3aDfklV4ET7NjKpSinLpJ5vafa9iiGIEZg10SfBw==",
      "dependencies": {
        "react-is": "^16.7.0"
      }
    },
    "node_modules/invariant": {
      "version": "2.2.4",
      "resolved": "https://registry.npmjs.org/invariant/-/invariant-2.2.4.tgz",
      "integrity": "sha512-phJfQVBuaJM5raOpJjSfkiD6BpbCE4Ns//LaXl6wGYtUBY83nWS6Rf9tXm2e8VaK60JEjYldbPif/A2B1C2gNA==",
      "dependencies": {
        "loose-envify": "^1.0.0"
      }
    },
    "node_modules/js-tokens": {
      "version": "4.0.0",
      "resolved": "https://registry.npmjs.org/js-tokens/-/js-tokens-4.0.0.tgz",
      "integrity": "sha512-RdJUflcE3cUzKiMqQgsCu06FPu9UdIJO0beYbPhHN4k6apgJtifcoCtT9bcxOpYBtpD2kCM6Sbzg4CausW/PKQ=="
    },
    "node_modules/json-kifu-format": {
      "version": "5.4.1",
      "resolved": "https://registry.npmjs.org/json-kifu-format/-/json-kifu-format-5.4.1.tgz",
      "integrity": "sha512-XI3kBhYTY2z6SDwfFKvC0Hfi3ESmT1sKgnXIIyhDU2CThGxlcpC74UB4BficHaL9Ac18k8aEGJR5daMmiwFmoQ==",
      "dependencies": {
        "shogi.js": "^5.4.1"
      }
    },
    "node_modules/kifu-for-js": {
      "version": "5.4.1",
      "resolved": "https://registry.npmjs.org/kifu-for-js/-/kifu-for-js-5.4.1.tgz",
      "integrity": "sha512-ONEQbBMB/sJlrYL0A0sVlWQilcChAtNENIp2u0n1KzcC+Vz3z35eI22Ozh8lcKuY4ojOa1aq+6ArB6tM0wjTbg==",
      "dependencies": {
        "focus-trap-react": "^10.2.1",
        "json-kifu-format": "^5.4.1",
        "mobx": "^4.1.1",
        "mobx-react": "^6.3.1",
        "react-dnd": "^7.7.0",
        "react-dnd-html5-backend": "^2.1.2",
        "react-dnd-multi-backend": "^3.0.4",
        "react-dnd-touch-backend": "^0.8.3",
        "shogi.js": "^5.4.1",
        "use-long-press": "^3.2.0"
      },
      "peerDependencies": {
        "react": "^16.14.0",
        "react-dom": "^16.14.0"
      }
    },
    "node_modules/lodash": {
      "version": "4.17.21",
      "resolved": "https://registry.npmjs.org/lodash/-/lodash-4.17.21.tgz",
      "integrity": "sha512-v2kDEe57lecTulaDIuNTPy3Ry4gLGJ6Z1O3vE1krgXZNrsQ+LFTGHVxVjcXPs17LhbZVGedAJv8XZ1tvj5FvSg=="
    },
    "node_modules/loose-envify": {
      "version": "1.4.0",
      "resolved": "https://registry.npmjs.org/loose-envify/-/loose-envify-1.4.0.tgz",
      "integrity": "sha512-lyuxPGr/Wfhrlem2CL/UcnUc1zcqKAImBDzukY7Y5F/yQiNdko6+fRLevlw1HgMySw7f611UIY408EtxRSoK3Q==",
      "dependencies": {
        "js-tokens": "^3.0.0 || ^4.0.0"
      },
      "bin": {
        "loose-envify": "cli.js"
      }
    },
    "node_modules/mobx": {
      "version": "4.15.7",
      "resolved": "https://registry.npmjs.org/mobx/-/mobx-4.15.7.tgz",
      "integrity": "sha512-X4uQvuf2zYKHVO5kRT5Utmr+J9fDnRgxWWnSqJ4oiccPTQU38YG+/O3nPmOhUy4jeHexl7XJJpWDBgEnEfp+8w==",
      "funding": {
        "type": "opencollective",
        "url": "https://opencollective.com/mobx"
      }
    },
    "node_modules/mobx-react": {
      "version": "6.3.1",
      "resolved": "https://registry.npmjs.org/mobx-react/-/mobx-react-6.3.1.tgz",
      "integrity": "sha512-IOxdJGnRSNSJrL2uGpWO5w9JH5q5HoxEqwOF4gye1gmZYdjoYkkMzSGMDnRCUpN/BNzZcFoMdHXrjvkwO7KgaQ==",
      "dependencies": {
        "mobx-react-lite": "^2.2.0"
      },
      "peerDependencies": {
        "mobx": "^5.15.4 || ^4.15.4",
        "react": "^16.8.0 || 16.9.0-alpha.0"
      }
    },
    "node_modules/mobx-react-lite": {
      "version": "2.2.2",
      "resolved": "https://registry.npmjs.org/mobx-react-lite/-/mobx-react-lite-2.2.2.tgz",
      "integrity": "sha512-2SlXALHIkyUPDsV4VTKVR9DW7K3Ksh1aaIv3NrNJygTbhXe2A9GrcKHZ2ovIiOp/BXilOcTYemfHHZubP431dg==",
      "peerDependencies": {
        "mobx": "^4.0.0 || ^5.0.0",
        "react": "^16.8.0"
      },
      "peerDependenciesMeta": {
        "react-dom": {
          "optional": true
        },
        "react-native": {
          "optional": true
        }
      }
    },
    "node_modules/object-assign": {
      "version": "4.1.1",
      "resolved": "https://registry.npmjs.org/object-assign/-/object-assign-4.1.1.tgz",
      "integrity": "sha512-rJgTQnkUnH1sFw8yT6VSU3zD3sWmu6sZhIseY8VX+GRu3P6F7Fu+JNDoXfklElbLJSnc3FUQHVe4cU5hj+BcUg==",
      "engines": {
        "node": ">=0.10.0"
      }
    },
    "node_modules/prop-types": {
      "version": "15.8.1",
      "resolved": "https://registry.npmjs.org/prop-types/-/prop-types-15.8.1.tgz",
      "integrity": "sha512-oj87CgZICdulUohogVAR7AjlC0327U4el4L6eAvOqCeudMDVU0NThNaV+b9Df4dXgSP1gXMTnPdhfe/2qDH5cg==",
      "dependencies": {
        "loose-envify": "^1.4.0",
        "object-assign": "^4.1.1",
        "react-is": "^16.13.1"
      }
    },
    "node_modules/react": {
      "version": "16.14.0",
      "resolved": "https://registry.npmjs.org/react/-/react-16.14.0.tgz",
      "integrity": "sha512-0X2CImDkJGApiAlcf0ODKIneSwBPhqJawOa5wCtKbu7ZECrmS26NvtSILynQ66cgkT/RJ4LidJOc3bUESwmU8g==",
      "peer": true,
      "dependencies": {
        "loose-envify": "^1.1.0",
        "object-assign": "^4.1.1",
        "prop-types": "^15.6.2"
      },
      "engines": {
        "node": ">=0.10.0"
      }
    },
    "node_modules/react-dnd": {
      "version": "7.7.0",
      "resolved": "https://registry.npmjs.org/react-dnd/-/react-dnd-7.7.0.tgz",
      "integrity": "sha512-anpJDKMgdXE6kXvtBFmIAe1fuaexpVy7meUyNjiTfCnjQ1mRvnttGTVvcW9fMKijsUQYadiyvzd3BRxteFuVXg==",
      "dependencies": {
        "@types/hoist-non-react-statics": "^3.3.1",
        "dnd-core": "^7.7.0",
        "hoist-non-react-statics": "^3.3.0",
        "invariant": "^2.1.0",
        "shallowequal": "^1.1.0"
      },
      "peerDependencies": {
        "react": ">= 16.8",
        "react-dom": ">= 16.8"
      }
    },
    "node_modules/react-dnd-html5-backend": {
      "version": "2.6.0",
      "resolved": "https://registry.npmjs.org/react-dnd-html5-backend/-/react-dnd-html5-backend-2.6.0.tgz",
      "integrity": "sha512-8gOfBfqFikWmXvAGSZz1mgoctwkcsKdUC9POt/WGnMoZwGB4ivB0Ex5D6pwHTNjvAs0ixqqWdJKy57CzjDg5Sg==",
      "dependencies": {
        "lodash": "^4.2.0"
      }
    },
    "node_modules/react-dnd-multi-backend": {
      "version": "3.2.2",
      "resolved": "https://registry.npmjs.org/react-dnd-multi-backend/-/react-dnd-multi-backend-3.2.2.tgz",
      "integrity": "sha512-94lBSZ8acVLeV2nyBLNwILcWcEGAcGrMzNRLIVeUI1yC0Uq1SaRM+5rdEyrElR9GMDjn0U41jVBlfS+usccZTA==",
      "dependencies": {
        "dnd-multi-backend": "^3.2.1",
        "prop-types": "^15.6.2",
        "react-dnd-preview": "^3.2.2"
      },
      "peerDependencies": {
        "react": "*",
        "react-dnd": "< 9.0.0",
        "react-dnd-html5-backend": "< 9.0.0",
        "react-dnd-touch-backend": "< 9.0.0",
        "react-dom": "*"
      }
    },
    "node_modules/react-dnd-preview": {
      "version": "3.2.2",
      "resolved": "https://registry.npmjs.org/react-dnd-preview/-/react-dnd-preview-3.2.2.tgz",
      "integrity": "sha512-IuuU9X4cX7b0xahnbOcj+Ec2VGBlPJHogZXUCtfp/JfVdvoW8M1M/jA8rx28BlIJ7BAc0YY24TxHk5Rm4faExQ==",
      "dependencies": {
        "prop-types": "^15.6.2"
      },
      "peerDependencies": {
        "react": "*",
        "react-dnd": "< 9.0.0"
      }
    },
    "node_modules/react-dnd-touch-backend": {
      "version": "0.8.3",
      "resolved": "https://registry.npmjs.org/react-dnd-touch-backend/-/react-dnd-touch-backend-0.8.3.tgz",
      "integrity": "sha512-LLJlpeJftRreP9ixm3yfd1JEXf+6BeKo5dkfJFHvNSOEOu+FDSwNl5l8uAG0FeD4z2ZVi7RDQ/jUxdjkBV3zBg==",
      "dependencies": {
        "dnd-core": "^7.4.4",
        "invariant": "^2.2.4"
      },
      "peerDependencies": {
        "react-dnd": "^7.0.0"
      }
    },
    "node_modules/react-dom": {
      "version": "16.14.0",
      "resolved": "https://registry.npmjs.org/react-dom/-/react-dom-16.14.0.tgz",
      "integrity": "sha512-1gCeQXDLoIqMgqD3IO2Ah9bnf0w9kzhwN5q4FGnHZ67hBm9yePzB5JJAIQCc8x3pFnNlwFq4RidZggNAAkzWWw==",
      "peer": true,
      "dependencies": {
        "loose-envify": "^1.1.0",
        "object-assign": "^4.1.1",
        "prop-types": "^15.6.2",
        "scheduler": "^0.19.1"
      },
      "peerDependencies": {
        "react": "^16.14.0"
      }
    },
    "node_modules/react-is": {
      "version": "16.13.1",
      "resolved": "https://registry.npmjs.org/react-is/-/react-is-16.13.1.tgz",
      "integrity": "sha512-24e6ynE2H+OKt4kqsOvNd8kBpV65zoxbA4BVsEOB3ARVWQki/DHzaUoC5KuON/BiccDaCCTZBuOcfZs70kR8bQ=="
    },
    "node_modules/redux": {
      "version": "4.2.1",
      "resolved": "https://registry.npmjs.org/redux/-/redux-4.2.1.tgz",
      "integrity": "sha512-LAUYz4lc+Do8/g7aeRa8JkyDErK6ekstQaqWQrNRW//MY1TvCEpMtpTWvlQ+FPbWCx+Xixu/6SHt5N0HR+SB4w==",
      "dependencies": {
        "@babel/runtime": "^7.9.2"
      }
    },
    "node_modules/regenerator-runtime": {
      "version": "0.14.1",
      "resolved": "https://registry.npmjs.org/regenerator-runtime/-/regenerator-runtime-0.14.1.tgz",
      "integrity": "sha512-dYnhHh0nJoMfnkZs6GmmhFknAGRrLznOu5nc9ML+EJxGvrx6H7teuevqVqCuPcPK//3eDrrjQhehXVx9cnkGdw=="
    },
    "node_modules/scheduler": {
      "version": "0.19.1",
      "resolved": "https://registry.npmjs.org/scheduler/-/scheduler-0.19.1.tgz",
      "integrity": "sha512-n/zwRWRYSUj0/3g/otKDRPMh6qv2SYMWNq85IEa8iZyAv8od9zDYpGSnpBEjNgcMNq6Scbu5KfIPxNF72R/2EA==",
      "peer": true,
      "dependencies": {
        "loose-envify": "^1.1.0",
        "object-assign": "^4.1.1"
      }
    },
    "node_modules/shallowequal": {
      "version": "1.1.0",
      "resolved": "https://registry.npmjs.org/shallowequal/-/shallowequal-1.1.0.tgz",
      "integrity": "sha512-y0m1JoUZSlPAjXVtPPW70aZWfIL/dSP7AFkRnniLCrK/8MDKog3TySTBmckD+RObVxH0v4Tox67+F14PdED2oQ=="
    },
    "node_modules/shogi.js": {
      "version": "5.4.1",
      "resolved": "https://registry.npmjs.org/shogi.js/-/shogi.js-5.4.1.tgz",
      "integrity": "sha512-63YlCIN9IMbDvqUaCAKT77KCl7es+KQjXCdFx0nSZ3Fgth71qvZZuDQD9fqGKuVswdX00WFtiM97qzh1ZJ55sA=="
    },
    "node_modules/tabbable": {
      "version": "6.2.0",
      "resolved": "https://registry.npmjs.org/tabbable/-/tabbable-6.2.0.tgz",
      "integrity": "sha512-Cat63mxsVJlzYvN51JmVXIgNoUokrIaT2zLclCXjRd8boZ0004U4KCs/sToJ75C6sdlByWxpYnb5Boif1VSFew=="
    },
    "node_modules/use-long-press": {
      "version": "3.2.0",
      "resolved": "https://registry.npmjs.org/use-long-press/-/use-long-press-3.2.0.tgz",
      "integrity": "sha512-uq5o2qFR1VRjHn8Of7Fl344/AGvgk7C5Mcb4aSb1ZRVp6PkgdXJJLdRrlSTJQVkkQcDuqFbFc3mDX4COg7mRTA==",
      "peerDependencies": {
        "react": ">=16.8.0"
      }
    }
  },
  "dependencies": {
    "@babel/runtime": {
      "version": "7.25.6",
      "resolved": "https://registry.npmjs.org/@babel/runtime/-/runtime-7.25.6.tgz",
      "integrity": "sha512-VBj9MYyDb9tuLq7yzqjgzt6Q+IBQLrGZfdjOekyEirZPHxXWoTSGUTMrpsfi58Up73d13NfYLv8HT9vmznjzhQ==",
      "requires": {
        "regenerator-runtime": "^0.14.0"
      }
    },
    "@types/hoist-non-react-statics": {
      "version": "3.3.5",
      "resolved": "https://registry.npmjs.org/@types/hoist-non-react-statics/-/hoist-non-react-statics-3.3.5.tgz",
      "integrity": "sha512-SbcrWzkKBw2cdwRTwQAswfpB9g9LJWfjtUeW/jvNwbhC8cpmmNYVePa+ncbUe0rGTQ7G3Ff6mYUN2VMfLVr+Sg==",
      "requires": {
        "@types/react": "*",
        "hoist-non-react-statics": "^3.3.0"
      }
    },
    "@types/prop-types": {
      "version": "15.7.12",
      "resolved": "https://registry.npmjs.org/@types/prop-types/-/prop-types-15.7.12.tgz",
      "integrity": "sha512-5zvhXYtRNRluoE/jAp4GVsSduVUzNWKkOZrCDBWYtE7biZywwdC2AcEzg+cSMLFRfVgeAFqpfNabiPjxFddV1Q=="
    },
    "@types/react": {
      "version": "18.3.5",
      "resolved": "https://registry.npmjs.org/@types/react/-/react-18.3.5.tgz",
      "integrity": "sha512-WeqMfGJLGuLCqHGYRGHxnKrXcTitc6L/nBUWfWPcTarG3t9PsquqUMuVeXZeca+mglY4Vo5GZjCi0A3Or2lnxA==",
      "requires": {
        "@types/prop-types": "*",
        "csstype": "^3.0.2"
      }
    },
    "asap": {
      "version": "2.0.6",
      "resolved": "https://registry.npmjs.org/asap/-/asap-2.0.6.tgz",
      "integrity": "sha512-BSHWgDSAiKs50o2Re8ppvp3seVHXSRM44cdSsT9FfNEUUZLOGWVCsiWaRPWM1Znn+mqZ1OfVZ3z3DWEzSp7hRA=="
    },
    "csstype": {
      "version": "3.1.3",
      "resolved": "https://registry.npmjs.org/csstype/-/csstype-3.1.3.tgz",
      "integrity": "sha512-M1uQkMl8rQK/szD0LNhtqxIPLpimGm8sOBwU7lLnCpSbTyY3yeU1Vc7l4KT5zT4s/yOxHH5O7tIuuLOCnLADRw=="
    },
    "dnd-core": {
      "version": "7.7.0",
      "resolved": "https://registry.npmjs.org/dnd-core/-/dnd-core-7.7.0.tgz",
      "integrity": "sha512-+YqwflWEY1MEAEl2QiEiRaglYkCwIZryyQwximQGuTOm/ns7fS6Lg/i7OCkrtjM10D5FhArf/VUHIL4ZaRBK0g==",
      "requires": {
        "asap": "^2.0.6",
        "invariant": "^2.2.4",
        "redux": "^4.0.1"
      }
    },
    "dnd-multi-backend": {
      "version": "3.2.1",
      "resolved": "https://registry.npmjs.org/dnd-multi-backend/-/dnd-multi-backend-3.2.1.tgz",
      "integrity": "sha512-A783JbrONpeufxX+jDMHOxR2AWh+gFv5Z/lLpDB3vdON6t0bb2fHSh8fKH2h8gOLRAJGD08m9xYXAJIWreTI5A=="
    },
    "focus-trap": {
      "version": "7.5.4",
      "resolved": "https://registry.npmjs.org/focus-trap/-/focus-trap-7.5.4.tgz",
      "integrity": "sha512-N7kHdlgsO/v+iD/dMoJKtsSqs5Dz/dXZVebRgJw23LDk+jMi/974zyiOYDziY2JPp8xivq9BmUGwIJMiuSBi7w==",
      "requires": {
        "tabbable": "^6.2.0"
      }
    },
    "focus-trap-react": {
      "version": "10.2.3",
      "resolved": "https://registry.npmjs.org/focus-trap-react/-/focus-trap-react-10.2.3.tgz",
      "integrity": "sha512-YXBpFu/hIeSu6NnmV2xlXzOYxuWkoOtar9jzgp3lOmjWLWY59C/b8DtDHEAV4SPU07Nd/t+nS/SBNGkhUBFmEw==",
      "requires": {
        "focus-trap": "^7.5.4",
        "tabbable": "^6.2.0"
      }
    },
    "hoist-non-react-statics": {
      "version": "3.3.2",
      "resolved": "https://registry.npmjs.org/hoist-non-react-statics/-/hoist-non-react-statics-3.3.2.tgz",
      "integrity": "sha512-/gGivxi8JPKWNm/W0jSmzcMPpfpPLc3dY/6GxhX2hQ9iGj3aDfklV4ET7NjKpSinLpJ5vafa9iiGIEZg10SfBw==",
      "requires": {
        "react-is": "^16.7.0"
      }
    },
    "invariant": {
      "version": "2.2.4",
      "resolved": "https://registry.npmjs.org/invariant/-/invariant-2.2.4.tgz",
      "integrity": "sha512-phJfQVBuaJM5raOpJjSfkiD6BpbCE4Ns//LaXl6wGYtUBY83nWS6Rf9tXm2e8VaK60JEjYldbPif/A2B1C2gNA==",
      "requires": {
        "loose-envify": "^1.0.0"
      }
    },
    "js-tokens": {
      "version": "4.0.0",
      "resolved": "https://registry.npmjs.org/js-tokens/-/js-tokens-4.0.0.tgz",
      "integrity": "sha512-RdJUflcE3cUzKiMqQgsCu06FPu9UdIJO0beYbPhHN4k6apgJtifcoCtT9bcxOpYBtpD2kCM6Sbzg4CausW/PKQ=="
    },
    "json-kifu-format": {
      "version": "5.4.1",
      "resolved": "https://registry.npmjs.org/json-kifu-format/-/json-kifu-format-5.4.1.tgz",
      "integrity": "sha512-XI3kBhYTY2z6SDwfFKvC0Hfi3ESmT1sKgnXIIyhDU2CThGxlcpC74UB4BficHaL9Ac18k8aEGJR5daMmiwFmoQ==",
      "requires": {
        "shogi.js": "^5.4.1"
      }
    },
    "kifu-for-js": {
      "version": "5.4.1",
      "resolved": "https://registry.npmjs.org/kifu-for-js/-/kifu-for-js-5.4.1.tgz",
      "integrity": "sha512-ONEQbBMB/sJlrYL0A0sVlWQilcChAtNENIp2u0n1KzcC+Vz3z35eI22Ozh8lcKuY4ojOa1aq+6ArB6tM0wjTbg==",
      "requires": {
        "focus-trap-react": "^10.2.1",
        "json-kifu-format": "^5.4.1",
        "mobx": "^4.1.1",
        "mobx-react": "^6.3.1",
        "react-dnd": "^7.7.0",
        "react-dnd-html5-backend": "^2.1.2",
        "react-dnd-multi-backend": "^3.0.4",
        "react-dnd-touch-backend": "^0.8.3",
        "shogi.js": "^5.4.1",
        "use-long-press": "^3.2.0"
      }
    },
    "lodash": {
      "version": "4.17.21",
      "resolved": "https://registry.npmjs.org/lodash/-/lodash-4.17.21.tgz",
      "integrity": "sha512-v2kDEe57lecTulaDIuNTPy3Ry4gLGJ6Z1O3vE1krgXZNrsQ+LFTGHVxVjcXPs17LhbZVGedAJv8XZ1tvj5FvSg=="
    },
    "loose-envify": {
      "version": "1.4.0",
      "resolved": "https://registry.npmjs.org/loose-envify/-/loose-envify-1.4.0.tgz",
      "integrity": "sha512-lyuxPGr/Wfhrlem2CL/UcnUc1zcqKAImBDzukY7Y5F/yQiNdko6+fRLevlw1HgMySw7f611UIY408EtxRSoK3Q==",
      "requires": {
        "js-tokens": "^3.0.0 || ^4.0.0"
      }
    },
    "mobx": {
      "version": "4.15.7",
      "resolved": "https://registry.npmjs.org/mobx/-/mobx-4.15.7.tgz",
      "integrity": "sha512-X4uQvuf2zYKHVO5kRT5Utmr+J9fDnRgxWWnSqJ4oiccPTQU38YG+/O3nPmOhUy4jeHexl7XJJpWDBgEnEfp+8w=="
    },
    "mobx-react": {
      "version": "6.3.1",
      "resolved": "https://registry.npmjs.org/mobx-react/-/mobx-react-6.3.1.tgz",
      "integrity": "sha512-IOxdJGnRSNSJrL2uGpWO5w9JH5q5HoxEqwOF4gye1gmZYdjoYkkMzSGMDnRCUpN/BNzZcFoMdHXrjvkwO7KgaQ==",
      "requires": {
        "mobx-react-lite": "^2.2.0"
      }
    },
    "mobx-react-lite": {
      "version": "2.2.2",
      "resolved": "https://registry.npmjs.org/mobx-react-lite/-/mobx-react-lite-2.2.2.tgz",
      "integrity": "sha512-2SlXALHIkyUPDsV4VTKVR9DW7K3Ksh1aaIv3NrNJygTbhXe2A9GrcKHZ2ovIiOp/BXilOcTYemfHHZubP431dg==",
      "requires": {}
    },
    "object-assign": {
      "version": "4.1.1",
      "resolved": "https://registry.npmjs.org/object-assign/-/object-assign-4.1.1.tgz",
      "integrity": "sha512-rJgTQnkUnH1sFw8yT6VSU3zD3sWmu6sZhIseY8VX+GRu3P6F7Fu+JNDoXfklElbLJSnc3FUQHVe4cU5hj+BcUg=="
    },
    "prop-types": {
      "version": "15.8.1",
      "resolved": "https://registry.npmjs.org/prop-types/-/prop-types-15.8.1.tgz",
      "integrity": "sha512-oj87CgZICdulUohogVAR7AjlC0327U4el4L6eAvOqCeudMDVU0NThNaV+b9Df4dXgSP1gXMTnPdhfe/2qDH5cg==",
      "requires": {
        "loose-envify": "^1.4.0",
        "object-assign": "^4.1.1",
        "react-is": "^16.13.1"
      }
    },
    "react": {
      "version": "16.14.0",
      "resolved": "https://registry.npmjs.org/react/-/react-16.14.0.tgz",
      "integrity": "sha512-0X2CImDkJGApiAlcf0ODKIneSwBPhqJawOa5wCtKbu7ZECrmS26NvtSILynQ66cgkT/RJ4LidJOc3bUESwmU8g==",
      "peer": true,
      "requires": {
        "loose-envify": "^1.1.0",
        "object-assign": "^4.1.1",
        "prop-types": "^15.6.2"
      }
    },
    "react-dnd": {
      "version": "7.7.0",
      "resolved": "https://registry.npmjs.org/react-dnd/-/react-dnd-7.7.0.tgz",
      "integrity": "sha512-anpJDKMgdXE6kXvtBFmIAe1fuaexpVy7meUyNjiTfCnjQ1mRvnttGTVvcW9fMKijsUQYadiyvzd3BRxteFuVXg==",
      "requires": {
        "@types/hoist-non-react-statics": "^3.3.1",
        "dnd-core": "^7.7.0",
        "hoist-non-react-statics": "^3.3.0",
        "invariant": "^2.1.0",
        "shallowequal": "^1.1.0"
      }
    },
    "react-dnd-html5-backend": {
      "version": "2.6.0",
      "resolved": "https://registry.npmjs.org/react-dnd-html5-backend/-/react-dnd-html5-backend-2.6.0.tgz",
      "integrity": "sha512-8gOfBfqFikWmXvAGSZz1mgoctwkcsKdUC9POt/WGnMoZwGB4ivB0Ex5D6pwHTNjvAs0ixqqWdJKy57CzjDg5Sg==",
      "requires": {
        "lodash": "^4.2.0"
      }
    },
    "react-dnd-multi-backend": {
      "version": "3.2.2",
      "resolved": "https://registry.npmjs.org/react-dnd-multi-backend/-/react-dnd-multi-backend-3.2.2.tgz",
      "integrity": "sha512-94lBSZ8acVLeV2nyBLNwILcWcEGAcGrMzNRLIVeUI1yC0Uq1SaRM+5rdEyrElR9GMDjn0U41jVBlfS+usccZTA==",
      "requires": {
        "dnd-multi-backend": "^3.2.1",
        "prop-types": "^15.6.2",
        "react-dnd-preview": "^3.2.2"
      }
    },
    "react-dnd-preview": {
      "version": "3.2.2",
      "resolved": "https://registry.npmjs.org/react-dnd-preview/-/react-dnd-preview-3.2.2.tgz",
      "integrity": "sha512-IuuU9X4cX7b0xahnbOcj+Ec2VGBlPJHogZXUCtfp/JfVdvoW8M1M/jA8rx28BlIJ7BAc0YY24TxHk5Rm4faExQ==",
      "requires": {
        "prop-types": "^15.6.2"
      }
    },
    "react-dnd-touch-backend": {
      "version": "0.8.3",
      "resolved": "https://registry.npmjs.org/react-dnd-touch-backend/-/react-dnd-touch-backend-0.8.3.tgz",
      "integrity": "sha512-LLJlpeJftRreP9ixm3yfd1JEXf+6BeKo5dkfJFHvNSOEOu+FDSwNl5l8uAG0FeD4z2ZVi7RDQ/jUxdjkBV3zBg==",
      "requires": {
        "dnd-core": "^7.4.4",
        "invariant": "^2.2.4"
      }
    },
    "react-dom": {
      "version": "16.14.0",
      "resolved": "https://registry.npmjs.org/react-dom/-/react-dom-16.14.0.tgz",
      "integrity": "sha512-1gCeQXDLoIqMgqD3IO2Ah9bnf0w9kzhwN5q4FGnHZ67hBm9yePzB5JJAIQCc8x3pFnNlwFq4RidZggNAAkzWWw==",
      "peer": true,
      "requires": {
        "loose-envify": "^1.1.0",
        "object-assign": "^4.1.1",
        "prop-types": "^15.6.2",
        "scheduler": "^0.19.1"
      }
    },
    "react-is": {
      "version": "16.13.1",
      "resolved": "https://registry.npmjs.org/react-is/-/react-is-16.13.1.tgz",
      "integrity": "sha512-24e6ynE2H+OKt4kqsOvNd8kBpV65zoxbA4BVsEOB3ARVWQki/DHzaUoC5KuON/BiccDaCCTZBuOcfZs70kR8bQ=="
    },
    "redux": {
      "version": "4.2.1",
      "resolved": "https://registry.npmjs.org/redux/-/redux-4.2.1.tgz",
      "integrity": "sha512-LAUYz4lc+Do8/g7aeRa8JkyDErK6ekstQaqWQrNRW//MY1TvCEpMtpTWvlQ+FPbWCx+Xixu/6SHt5N0HR+SB4w==",
      "requires": {
        "@babel/runtime": "^7.9.2"
      }
    },
    "regenerator-runtime": {
      "version": "0.14.1",
      "resolved": "https://registry.npmjs.org/regenerator-runtime/-/regenerator-runtime-0.14.1.tgz",
      "integrity": "sha512-dYnhHh0nJoMfnkZs6GmmhFknAGRrLznOu5nc9ML+EJxGvrx6H7teuevqVqCuPcPK//3eDrrjQhehXVx9cnkGdw=="
    },
    "scheduler": {
      "version": "0.19.1",
      "resolved": "https://registry.npmjs.org/scheduler/-/scheduler-0.19.1.tgz",
      "integrity": "sha512-n/zwRWRYSUj0/3g/otKDRPMh6qv2SYMWNq85IEa8iZyAv8od9zDYpGSnpBEjNgcMNq6Scbu5KfIPxNF72R/2EA==",
      "peer": true,
      "requires": {
        "loose-envify": "^1.1.0",
        "object-assign": "^4.1.1"
      }
    },
    "shallowequal": {
      "version": "1.1.0",
      "resolved": "https://registry.npmjs.org/shallowequal/-/shallowequal-1.1.0.tgz",
      "integrity": "sha512-y0m1JoUZSlPAjXVtPPW70aZWfIL/dSP7AFkRnniLCrK/8MDKog3TySTBmckD+RObVxH0v4Tox67+F14PdED2oQ=="
    },
    "shogi.js": {
      "version": "5.4.1",
      "resolved": "https://registry.npmjs.org/shogi.js/-/shogi.js-5.4.1.tgz",
      "integrity": "sha512-63YlCIN9IMbDvqUaCAKT77KCl7es+KQjXCdFx0nSZ3Fgth71qvZZuDQD9fqGKuVswdX00WFtiM97qzh1ZJ55sA=="
    },
    "tabbable": {
      "version": "6.2.0",
      "resolved": "https://registry.npmjs.org/tabbable/-/tabbable-6.2.0.tgz",
      "integrity": "sha512-Cat63mxsVJlzYvN51JmVXIgNoUokrIaT2zLclCXjRd8boZ0004U4KCs/sToJ75C6sdlByWxpYnb5Boif1VSFew=="
    },
    "use-long-press": {
      "version": "3.2.0",
      "resolved": "https://registry.npmjs.org/use-long-press/-/use-long-press-3.2.0.tgz",
      "integrity": "sha512-uq5o2qFR1VRjHn8Of7Fl344/AGvgk7C5Mcb4aSb1ZRVp6PkgdXJJLdRrlSTJQVkkQcDuqFbFc3mDX4COg7mRTA==",
      "requires": {}
    }
  }
}
